
Microsoft Visual Studio Solution File, Format Version 12.00
# Visual Studio 15
VisualStudioVersion = 15.0.26730.16
MinimumVisualStudioVersion = 10.0.40219.1
Project("{FAE04EC0-301F-11D3-BF4B-00C04F79EFBC}") = "KEPConfApiHelperSample", "KEPConfApiHelperSample\KEPConfApiHelperSample.csproj", "{5B2D62A0-D3F8-40AC-A2E1-E3086BFE87DF}"
EndProject
Project("{FAE04EC0-301F-11D3-BF4B-00C04F79EFBC}") = "KEPConfApiHelper", "KEPConfApiHelper\KEPConfApiHelper.csproj", "{1D29F9A1-F605-4B26-81B2-3E71415ADC34}"
EndProject
Global
	GlobalSection(SolutionConfigurationPlatforms) = preSolution
		Debug|Any CPU = Debug|Any CPU
		Release|Any CPU = Release|Any CPU
	EndGlobalSection
	GlobalSection(ProjectConfigurationPlatforms) = postSolution
		{5B2D62A0-D3F8-40AC-A2E1-E3086BFE87DF}.Debug|Any CPU.ActiveCfg = Debug|Any CPU
		{5B2D62A0-D3F8-40AC-A2E1-E3086BFE87DF}.Debug|Any CPU.Build.0 = Debug|Any CPU
		{5B2D62A0-D3F8-40AC-A2E1-E3086BFE87DF}.Release|Any CPU.ActiveCfg = Release|Any CPU
		{5B2D62A0-D3F8-40AC-A2E1-E3086BFE87DF}.Release|Any CPU.Build.0 = Release|Any CPU
		{1D29F9A1-F605-4B26-81B2-3E71415ADC34}.Debug|Any CPU.ActiveCfg = Debug|Any CPU
		{1D29F9A1-F605-4B26-81B2-3E71415ADC34}.Debug|Any CPU.Build.0 = Debug|Any CPU
		{1D29F9A1-F605-4B26-81B2-3E71415ADC34}.Release|Any CPU.ActiveCfg = Release|Any CPU
		{1D29F9A1-F605-4B26-81B2-3E71415ADC34}.Release|Any CPU.Build.0 = Release|Any CPU
	EndGlobalSection
	GlobalSection(SolutionProperties) = preSolution
		HideSolutionNode = FALSE
	EndGlobalSection
	GlobalSection(ExtensibilityGlobals) = postSolution
		SolutionGuid = {277F2650-BE13-4F31-B87A-0E3B23F9508C}
	EndGlobalSection
EndGlobal
